<?xml version="1.0" encoding="utf-8"?>
<Project ToolsVersion="4.0" xmlns="http://schemas.microsoft.com/developer/msbuild/2003">
  <ItemGroup>
    <Filter Include="Source Files">
      <UniqueIdentifier>{4FC737F1-C7A5-4376-A066-2A32D752A2FF}</UniqueIdentifier>
      <Extensions>cpp;c;cc;cxx;def;odl;idl;hpj;bat;asm;asmx</Extensions>
    </Filter>
    <Filter Include="Header Files">
      <UniqueIdentifier>{93995380-89BD-4b04-88EB-625FBE52EBFB}</UniqueIdentifier>
      <Extensions>h;hh;hpp;hxx;hm;inl;inc;xsd</Extensions>
    </Filter>
    <Filter Include="Resource Files">
      <UniqueIdentifier>{67DA6AB6-F800-4c08-8B7A-83BB121AAD01}</UniqueIdentifier>
      <Extensions>rc;ico;cur;bmp;dlg;rc2;rct;bin;rgs;gif;jpg;jpeg;jpe;resx;tiff;tif;png;wav;mfcribbon-ms</Extensions>
    </Filter>
    <Filter Include="0.MainGame">
      <UniqueIdentifier>{865a9b21-dde1-4fb6-a433-92e1a1c25506}</UniqueIdentifier>
    </Filter>
    <Filter Include="99.Headers">
      <UniqueIdentifier>{c19109c7-048d-4cd3-98cf-17770961a5d6}</UniqueIdentifier>
    </Filter>
    <Filter Include="1.Objects">
      <UniqueIdentifier>{3fc5a5e6-f643-44de-9c4f-d290211cc03e}</UniqueIdentifier>
    </Filter>
    <Filter Include="1.Objects\Dynamic">
      <UniqueIdentifier>{561d56ef-ff2d-4253-aaae-6b26b0e1d548}</UniqueIdentifier>
    </Filter>
    <Filter Include="1.Objects\Static">
      <UniqueIdentifier>{bc178f8c-dfc1-4038-9fee-a8d1db8b2a47}</UniqueIdentifier>
    </Filter>
    <Filter Include="2.Stage">
      <UniqueIdentifier>{94eb4f78-c1bf-41bd-bbba-bdb526254c32}</UniqueIdentifier>
    </Filter>
    <Filter Include="98.Texture">
      <UniqueIdentifier>{66ed9502-f711-4b0b-a955-b28c8eba05b7}</UniqueIdentifier>
    </Filter>
    <Filter Include="3.Manager">
      <UniqueIdentifier>{1d3a1c69-5b7f-43a6-a6f6-cdbac530b6ff}</UniqueIdentifier>
    </Filter>
    <Filter Include="1.Objects\Dynamic\Player">
      <UniqueIdentifier>{a7f22469-b42c-49ce-a05e-2d032dea1032}</UniqueIdentifier>
    </Filter>
    <Filter Include="97.Device">
      <UniqueIdentifier>{64aa7031-b724-4cc2-be7c-81f28627f6c2}</UniqueIdentifier>
    </Filter>
    <Filter Include="1.Objects\Static\Maps">
      <UniqueIdentifier>{7bd58606-b28e-41fc-9010-339431bd38da}</UniqueIdentifier>
    </Filter>
    <Filter Include="98.Texture\Mode">
      <UniqueIdentifier>{8db6f4cf-8039-4505-80c8-4e46ea45f5c1}</UniqueIdentifier>
    </Filter>
    <Filter Include="3.Manager\TextureMgr">
      <UniqueIdentifier>{0bc35555-abf0-4fc8-b626-63ca3a5aeb1a}</UniqueIdentifier>
    </Filter>
    <Filter Include="98.Texture\Mode\Single">
      <UniqueIdentifier>{09a1c3a0-b7e4-4008-ba3d-792964234b04}</UniqueIdentifier>
    </Filter>
    <Filter Include="98.Texture\Mode\Multi">
      <UniqueIdentifier>{f0e811b1-acc8-4316-937c-eb3330b15de1}</UniqueIdentifier>
    </Filter>
    <Filter Include="3.Manager\ObjSortMgr">
      <UniqueIdentifier>{d26fe0fd-58d9-409d-92ca-794a14ef0a76}</UniqueIdentifier>
    </Filter>
    <Filter Include="2.Stage\Logo">
      <UniqueIdentifier>{835ac361-4622-4ad6-95a3-b4c8502ccd70}</UniqueIdentifier>
    </Filter>
    <Filter Include="2.Stage\Field">
      <UniqueIdentifier>{24592578-14ec-4be7-a7d8-d294e72c7d5b}</UniqueIdentifier>
    </Filter>
    <Filter Include="3.Manager\SceneMgr">
      <UniqueIdentifier>{d75d8994-5133-464c-8aac-10e5563ecdfc}</UniqueIdentifier>
    </Filter>
    <Filter Include="2.Stage\Field\Stage_One">
      <UniqueIdentifier>{98933316-9404-4483-82b2-6a67e2deaa1d}</UniqueIdentifier>
    </Filter>
    <Filter Include="2.Stage\Field\Stage_Two">
      <UniqueIdentifier>{7e722549-2721-4c8c-8718-1a60899bcad5}</UniqueIdentifier>
    </Filter>
    <Filter Include="1.Objects\Dynamic\BackGround_Objects">
      <UniqueIdentifier>{20d11aad-f79f-4778-b965-b77d0182a7b2}</UniqueIdentifier>
    </Filter>
    <Filter Include="96.DesignPatterns">
      <UniqueIdentifier>{b6431969-1ebc-4306-99f8-c3e29d0329f4}</UniqueIdentifier>
    </Filter>
    <Filter Include="3.Manager\SoundMgr">
      <UniqueIdentifier>{40567a74-97bd-4f9b-a483-95509a57f31d}</UniqueIdentifier>
    </Filter>
    <Filter Include="96.DesignPatterns\Factory">
      <UniqueIdentifier>{44db2af2-3c1d-473d-911c-1cba2dd9e112}</UniqueIdentifier>
    </Filter>
    <Filter Include="3.Manager\CollisionMgr">
      <UniqueIdentifier>{0e950c6e-bdd6-4685-962d-2ea6677727b9}</UniqueIdentifier>
    </Filter>
    <Filter Include="3.Manager\KeyMgr">
      <UniqueIdentifier>{ded9488d-83bd-4dde-bef8-84d7c8cfed23}</UniqueIdentifier>
    </Filter>
  </ItemGroup>
  <ItemGroup>
    <Text Include="ReadMe.txt" />
  </ItemGroup>
  <ItemGroup>
    <ClInclude Include="targetver.h">
      <Filter>Header Files</Filter>
    </ClInclude>
    <ClInclude Include="Resource.h">
      <Filter>Header Files</Filter>
    </ClInclude>
    <ClInclude Include="RockMan.h">
      <Filter>Header Files</Filter>
    </ClInclude>
    <ClInclude Include="..\bin\Headers\Define.h">
      <Filter>99.Headers</Filter>
    </ClInclude>
    <ClInclude Include="..\bin\Headers\DynamicObjects.h">
      <Filter>1.Objects\Dynamic</Filter>
    </ClInclude>
    <ClInclude Include="..\bin\Headers\Enum.h">
      <Filter>99.Headers</Filter>
    </ClInclude>
    <ClInclude Include="..\bin\Headers\Include.h">
      <Filter>99.Headers</Filter>
    </ClInclude>
    <ClInclude Include="..\bin\Headers\Macro.h">
      <Filter>99.Headers</Filter>
    </ClInclude>
    <ClInclude Include="..\bin\Headers\MainGame.h">
      <Filter>0.MainGame</Filter>
    </ClInclude>
    <ClInclude Include="..\bin\Headers\Obj.h">
      <Filter>1.Objects</Filter>
    </ClInclude>
    <ClInclude Include="..\bin\Headers\Player.h">
      <Filter>1.Objects\Dynamic\Player</Filter>
    </ClInclude>
    <ClInclude Include="..\bin\Headers\StaticObjects.h">
      <Filter>1.Objects\Static</Filter>
    </ClInclude>
    <ClInclude Include="..\bin\Headers\Device.h">
      <Filter>97.Device</Filter>
    </ClInclude>
    <ClInclude Include="..\bin\Headers\stdafx.h">
      <Filter>Header Files</Filter>
    </ClInclude>
    <ClInclude Include="..\bin\Headers\Texture.h">
      <Filter>98.Texture</Filter>
    </ClInclude>
    <ClInclude Include="..\bin\Headers\Struct.h">
      <Filter>99.Headers</Filter>
    </ClInclude>
    <ClInclude Include="..\bin\Headers\SingleTexture.h">
      <Filter>98.Texture\Mode\Single</Filter>
    </ClInclude>
    <ClInclude Include="..\bin\Headers\MultiTexture.h">
      <Filter>98.Texture\Mode\Multi</Filter>
    </ClInclude>
    <ClInclude Include="..\bin\Headers\TextureMgr.h">
      <Filter>3.Manager\TextureMgr</Filter>
    </ClInclude>
    <ClInclude Include="..\bin\Headers\ObjSortMgr.h">
      <Filter>3.Manager\ObjSortMgr</Filter>
    </ClInclude>
    <ClInclude Include="..\bin\Headers\MyScene.h">
      <Filter>2.Stage</Filter>
    </ClInclude>
    <ClInclude Include="..\bin\Headers\SceneMgr.h">
      <Filter>3.Manager\SceneMgr</Filter>
    </ClInclude>
    <ClInclude Include="..\bin\Headers\Logo.h">
      <Filter>2.Stage\Logo</Filter>
    </ClInclude>
    <ClInclude Include="..\bin\Headers\Stage_One.h">
      <Filter>2.Stage\Field\Stage_One</Filter>
    </ClInclude>
    <ClInclude Include="..\bin\Headers\Field.h">
      <Filter>2.Stage\Field</Filter>
    </ClInclude>
    <ClInclude Include="..\bin\Headers\SmallShip.h">
      <Filter>1.Objects\Dynamic\BackGround_Objects</Filter>
    </ClInclude>
    <ClInclude Include="..\bin\Headers\BigShip.h">
      <Filter>1.Objects\Dynamic\BackGround_Objects</Filter>
    </ClInclude>
    <ClInclude Include="..\bin\Headers\SoundMgr.h">
      <Filter>3.Manager\SoundMgr</Filter>
    </ClInclude>
    <ClInclude Include="..\bin\Headers\Factory.h">
      <Filter>96.DesignPatterns\Factory</Filter>
    </ClInclude>
    <ClInclude Include="..\bin\Headers\KeyMgr.h">
      <Filter>3.Manager\KeyMgr</Filter>
    </ClInclude>
  </ItemGroup>
  <ItemGroup>
    <ClCompile Include="RockMan.cpp">
      <Filter>Source Files</Filter>
    </ClCompile>
    <ClCompile Include="..\bin\Codes\DynamicObjects.cpp">
      <Filter>1.Objects\Dynamic</Filter>
    </ClCompile>
    <ClCompile Include="..\bin\Codes\MainGame.cpp">
      <Filter>0.MainGame</Filter>
    </ClCompile>
    <ClCompile Include="..\bin\Codes\Obj.cpp">
      <Filter>1.Objects</Filter>
    </ClCompile>
    <ClCompile Include="..\bin\Codes\StaticObjects.cpp">
      <Filter>1.Objects\Static</Filter>
    </ClCompile>
    <ClCompile Include="..\bin\Codes\Device.cpp">
      <Filter>97.Device</Filter>
    </ClCompile>
    <ClCompile Include="stdafx.cpp">
      <Filter>Source Files</Filter>
    </ClCompile>
    <ClCompile Include="..\bin\Codes\Player.cpp">
      <Filter>1.Objects\Dynamic\Player</Filter>
    </ClCompile>
    <ClCompile Include="..\bin\Codes\Texture.cpp">
      <Filter>98.Texture</Filter>
    </ClCompile>
    <ClCompile Include="..\bin\Codes\SingleTexture.cpp">
      <Filter>98.Texture\Mode\Single</Filter>
    </ClCompile>
    <ClCompile Include="..\bin\Codes\MultiTexture.cpp">
      <Filter>98.Texture\Mode\Multi</Filter>
    </ClCompile>
    <ClCompile Include="..\bin\Codes\TextureMgr.cpp">
      <Filter>3.Manager\TextureMgr</Filter>
    </ClCompile>
    <ClCompile Include="..\bin\Codes\ObjSortMgr.cpp">
      <Filter>3.Manager\ObjSortMgr</Filter>
    </ClCompile>
    <ClCompile Include="..\bin\Codes\SceneMgr.cpp">
      <Filter>3.Manager\SceneMgr</Filter>
    </ClCompile>
    <ClCompile Include="..\bin\Codes\Logo.cpp">
      <Filter>2.Stage\Logo</Filter>
    </ClCompile>
    <ClCompile Include="..\bin\Codes\MyScene.cpp">
      <Filter>2.Stage</Filter>
    </ClCompile>
    <ClCompile Include="..\bin\Codes\Stage_One.cpp">
      <Filter>2.Stage\Field\Stage_One</Filter>
    </ClCompile>
    <ClCompile Include="..\bin\Codes\Field.cpp">
      <Filter>2.Stage\Field</Filter>
    </ClCompile>
    <ClCompile Include="..\bin\Codes\BigShip.cpp">
      <Filter>1.Objects\Dynamic\BackGround_Objects</Filter>
    </ClCompile>
    <ClCompile Include="..\bin\Codes\SmallShip.cpp">
      <Filter>1.Objects\Dynamic\BackGround_Objects</Filter>
    </ClCompile>
    <ClCompile Include="..\bin\Codes\SoundMgr.cpp">
      <Filter>3.Manager\SoundMgr</Filter>
    </ClCompile>
    <ClCompile Include="..\bin\Codes\KeyMgr.cpp">
      <Filter>3.Manager\KeyMgr</Filter>
    </ClCompile>
  </ItemGroup>
  <ItemGroup>
    <ResourceCompile Include="RockMan.rc">
      <Filter>Resource Files</Filter>
    </ResourceCompile>
  </ItemGroup>
  <ItemGroup>
    <Image Include="small.ico">
      <Filter>Resource Files</Filter>
    </Image>
    <Image Include="RockMan.ico">
      <Filter>Resource Files</Filter>
    </Image>
  </ItemGroup>
</Project>